Microsoft Visual Studio Solution File, Format Version 8.00
Project("{8BC9CEB8-8B4A-11D0-8D11-00A0C91BC942}") = "evolve", "evolve.vcproj", "{2EDCFF1C-4FB2-47B7-8006-83660614F14B}"
	ProjectSection(ProjectDependencies) = postProject
		{9643C51E-0EBE-438E-AC56-A30B2DBA4A48} = {9643C51E-0EBE-438E-AC56-A30B2DBA4A48}
	EndProjectSection
EndProject
Project("{8BC9CEB8-8B4A-11D0-8D11-00A0C91BC942}") = "evolve_simulator", "..\evolve_simulator\evolve_simulator.vcproj", "{9643C51E-0EBE-438E-AC56-A30B2DBA4A48}"
	ProjectSection(ProjectDependencies) = postProject
	EndProjectSection
EndProject
Project("{8BC9CEB8-8B4A-11D0-8D11-00A0C91BC942}") = "evolve_batch", "..\evolve_batch\evolve_batch.vcproj", "{7B3EEAE1-1E4E-4CDD-93D9-5804D562DA4D}"
	ProjectSection(ProjectDependencies) = postProject
		{9643C51E-0EBE-438E-AC56-A30B2DBA4A48} = {9643C51E-0EBE-438E-AC56-A30B2DBA4A48}
	EndProjectSection
EndProject
Project("{8BC9CEB8-8B4A-11D0-8D11-00A0C91BC942}") = "evolve_3d", "..\evolve_3d\evolve_3d.vcproj", "{BECC3A80-573E-4BEF-B7A4-46526403A16F}"
	ProjectSection(ProjectDependencies) = postProject
	EndProjectSection
EndProject
Global
	GlobalSection(SolutionConfiguration) = preSolution
		Debug = Debug
		Release = Release
	EndGlobalSection
	GlobalSection(ProjectConfiguration) = postSolution
		{2EDCFF1C-4FB2-47B7-8006-83660614F14B}.Debug.ActiveCfg = Debug|Win32
		{2EDCFF1C-4FB2-47B7-8006-83660614F14B}.Debug.Build.0 = Debug|Win32
		{2EDCFF1C-4FB2-47B7-8006-83660614F14B}.Release.ActiveCfg = Release|Win32
		{2EDCFF1C-4FB2-47B7-8006-83660614F14B}.Release.Build.0 = Release|Win32
		{9643C51E-0EBE-438E-AC56-A30B2DBA4A48}.Debug.ActiveCfg = Debug|Win32
		{9643C51E-0EBE-438E-AC56-A30B2DBA4A48}.Debug.Build.0 = Debug|Win32
		{9643C51E-0EBE-438E-AC56-A30B2DBA4A48}.Release.ActiveCfg = Release|Win32
		{9643C51E-0EBE-438E-AC56-A30B2DBA4A48}.Release.Build.0 = Release|Win32
		{7B3EEAE1-1E4E-4CDD-93D9-5804D562DA4D}.Debug.ActiveCfg = Debug|Win32
		{7B3EEAE1-1E4E-4CDD-93D9-5804D562DA4D}.Debug.Build.0 = Debug|Win32
		{7B3EEAE1-1E4E-4CDD-93D9-5804D562DA4D}.Release.ActiveCfg = Release|Win32
		{7B3EEAE1-1E4E-4CDD-93D9-5804D562DA4D}.Release.Build.0 = Release|Win32
		{BECC3A80-573E-4BEF-B7A4-46526403A16F}.Debug.ActiveCfg = Debug|Win32
		{BECC3A80-573E-4BEF-B7A4-46526403A16F}.Debug.Build.0 = Debug|Win32
		{BECC3A80-573E-4BEF-B7A4-46526403A16F}.Release.ActiveCfg = Release|Win32
		{BECC3A80-573E-4BEF-B7A4-46526403A16F}.Release.Build.0 = Release|Win32
	EndGlobalSection
	GlobalSection(ExtensibilityGlobals) = postSolution
	EndGlobalSection
	GlobalSection(ExtensibilityAddIns) = postSolution
	EndGlobalSection
EndGlobal
